# This file was autogenerated by Stack.
# You should not edit this file by hand.
# For more information, please see the documentation at:
#   https://docs.haskellstack.org/en/stable/lock_files

packages:
- completed:
    hackage: vector-0.12.3.1@sha256:040210919e5ce454dcee3320f77803da3dbda579c8428dc25ff0155732234808,7946
    pantry-tree:
      size: 3842
      sha256: 00cfcd768c02740343ecf67de4542f30a4ebbbd7200849a22271b35965837fef
  original:
    hackage: vector-0.12.3.1
- completed:
    hackage: lens-5.1@sha256:2cd46b613b9fb37e6eb64c518fd41cfdf55b15bd217d8780163b5c75974920bf,15013
    pantry-tree:
      size: 8214
      sha256: a01b10a8b32e7aeb1e4fbb922761a3f9a8f28bb9d2270277b849984409aca067
  original:
    hackage: lens-5.1@sha256:2cd46b613b9fb37e6eb64c518fd41cfdf55b15bd217d8780163b5c75974920bf,15013
snapshots:
- completed:
    size: 586110
    url: https://raw.githubusercontent.com/commercialhaskell/stackage-snapshots/master/lts/18/21.yaml
    sha256: ce4fb8d44f3c6c6032060a02e0ebb1bd29937c9a70101c1517b92a87d9515160
  original:
    url: https://raw.githubusercontent.com/commercialhaskell/stackage-snapshots/master/lts/18/21.yaml
